schema: '2.0'
stages:
  load_data:
    cmd: python scripts/load_data.py --url https://www.openml.org/data/download/22102452/dataset
      --output data/raw/creditcard.arff
    deps:
    - path: scripts/load_data.py
      hash: md5
      md5: 4ec4d3c7a631aaa12f113573cc57e2b1
      size: 1609
    params:
      params.yaml:
        data.url: https://www.openml.org/data/download/22102452/dataset
    outs:
    - path: data/raw/creditcard.arff
      hash: md5
      md5: d7d4434708894b1d786706505defd2fe
      size: 156435299
  preprocess:
    cmd: python scripts/preprocess.py --input data/raw/creditcard.arff --train-output
      data/processed/train.csv --test-output data/processed/test.csv --params params.yaml
    deps:
    - path: data/raw/creditcard.arff
      hash: md5
      md5: d7d4434708894b1d786706505defd2fe
      size: 156435299
    - path: scripts/preprocess.py
      hash: md5
      md5: 83538cad1744caa2280244f8b30ed849
      size: 3045
    params:
      params.yaml:
        split.random_state: 123
        split.stratify: true
        split.test_size: 0.2
    outs:
    - path: data/processed/test.csv
      hash: md5
      md5: a6291f389f881af49eaab6c3ab4e96b8
      size: 31177063
    - path: data/processed/train.csv
      hash: md5
      md5: 5a94e0f7a0cfafc3e23e48b02239b154
      size: 124686978
  validate_data:
    cmd: python scripts/validate_data.py --train data/processed/train.csv --test data/processed/test.csv
      --output reports/gx_validation.json
    deps:
    - path: data/processed/test.csv
      hash: md5
      md5: a6291f389f881af49eaab6c3ab4e96b8
      size: 31177063
    - path: data/processed/train.csv
      hash: md5
      md5: 5a94e0f7a0cfafc3e23e48b02239b154
      size: 124686978
    - path: scripts/validate_data.py
      hash: md5
      md5: ce99785d3a84454be0b2aa73fb723a21
      size: 2345
    outs:
    - path: reports/gx_validation.json
      hash: md5
      md5: b07b6e7d71b3eda66886387072d2a7ba
      size: 10485
  train:
    cmd: python scripts/train.py --train data/processed/train.csv --test data/processed/test.csv
      --params params.yaml --models-dir models --metrics-output reports/metrics.json
    deps:
    - path: data/processed/test.csv
      hash: md5
      md5: a6291f389f881af49eaab6c3ab4e96b8
      size: 31177063
    - path: data/processed/train.csv
      hash: md5
      md5: 5a94e0f7a0cfafc3e23e48b02239b154
      size: 124686978
    - path: reports/gx_validation.json
      hash: md5
      md5: b07b6e7d71b3eda66886387072d2a7ba
      size: 10485
    - path: scripts/train.py
      hash: md5
      md5: 230171fa87ce0c65e07790ee97885400
      size: 6115
    params:
      params.yaml:
        logreg.C: 1.0
        logreg.max_iter: 1000
        random_forest.max_depth:
        random_forest.n_estimators: 100
        train.experiment_name: fraud-baselines
        train.random_seed: 123
    outs:
    - path: models/feature_columns.json
      hash: md5
      md5: 442f2879ece545dabcbed9eab6066143
      size: 267
    - path: models/logreg.pkl
      hash: md5
      md5: b5aa096c03d0a11d2eb84f053f683dff
      size: 2721
    - path: models/model.pkl
      hash: md5
      md5: b5aa096c03d0a11d2eb84f053f683dff
      size: 2721
    - path: models/random_forest.pkl
      hash: md5
      md5: b8146d42120759e360b8f7dad8034bd0
      size: 3239193
    - path: reports/metrics.json
      hash: md5
      md5: 07d8ad9956f40df7f775ad370534ffe5
      size: 992
